
Microsoft Visual Studio Solution File, Format Version 12.00
# Visual Studio 2013
VisualStudioVersion = 12.0.31101.0
MinimumVisualStudioVersion = 10.0.40219.1
Project("{FAE04EC0-301F-11D3-BF4B-00C04F79EFBC}") = "Dwtc15-Templates", "Templates\Dwtc15-Templates.csproj", "{71F04B16-1D13-4E68-84B0-2E055A01489A}"
EndProject
Global
	GlobalSection(SolutionConfigurationPlatforms) = preSolution
		Debug|Any CPU = Debug|Any CPU
		Release|Any CPU = Release|Any CPU
	EndGlobalSection
	GlobalSection(ProjectConfigurationPlatforms) = postSolution
		{71F04B16-1D13-4E68-84B0-2E055A01489A}.Debug|Any CPU.ActiveCfg = Debug|Any CPU
		{71F04B16-1D13-4E68-84B0-2E055A01489A}.Debug|Any CPU.Build.0 = Debug|Any CPU
		{71F04B16-1D13-4E68-84B0-2E055A01489A}.Release|Any CPU.ActiveCfg = Release|Any CPU
		{71F04B16-1D13-4E68-84B0-2E055A01489A}.Release|Any CPU.Build.0 = Release|Any CPU
	EndGlobalSection
	GlobalSection(SolutionProperties) = preSolution
		HideSolutionNode = FALSE
	EndGlobalSection
EndGlobal
